
Microsoft Visual Studio Solution File, Format Version 12.00
# Visual Studio Version 17
VisualStudioVersion = 17.5.33530.505
MinimumVisualStudioVersion = 10.0.40219.1
Project("{FAE04EC0-301F-11D3-BF4B-00C04F79EFBC}") = "Telefonbuch", "Telefonbuch.csproj", "{C22BD8B2-03D4-4610-9719-A84A3F6ECD92}"
EndProject
Global
	GlobalSection(SolutionConfigurationPlatforms) = preSolution
		Debug|Any CPU = Debug|Any CPU
		Release|Any CPU = Release|Any CPU
	EndGlobalSection
	GlobalSection(ProjectConfigurationPlatforms) = postSolution
		{C22BD8B2-03D4-4610-9719-A84A3F6ECD92}.Debug|Any CPU.ActiveCfg = Debug|Any CPU
		{C22BD8B2-03D4-4610-9719-A84A3F6ECD92}.Debug|Any CPU.Build.0 = Debug|Any CPU
		{C22BD8B2-03D4-4610-9719-A84A3F6ECD92}.Release|Any CPU.ActiveCfg = Release|Any CPU
		{C22BD8B2-03D4-4610-9719-A84A3F6ECD92}.Release|Any CPU.Build.0 = Release|Any CPU
	EndGlobalSection
	GlobalSection(SolutionProperties) = preSolution
		HideSolutionNode = FALSE
	EndGlobalSection
	GlobalSection(ExtensibilityGlobals) = postSolution
		SolutionGuid = {F29573B0-A121-48BF-8711-5D2272CE32EA}
	EndGlobalSection
EndGlobal
